
Microsoft Visual Studio Solution File, Format Version 12.00
# Visual Studio Version 17
VisualStudioVersion = 17.9.34714.143
MinimumVisualStudioVersion = 10.0.40219.1
Project("{FAE04EC0-301F-11D3-BF4B-00C04F79EFBC}") = "nodemodule_compare", "nodemodule_compare\nodemodule_compare.csproj", "{C04A3501-C96C-46D2-A098-FCF592626EA1}"
EndProject
Global
	GlobalSection(SolutionConfigurationPlatforms) = preSolution
		Debug|Any CPU = Debug|Any CPU
		Release|Any CPU = Release|Any CPU
	EndGlobalSection
	GlobalSection(ProjectConfigurationPlatforms) = postSolution
		{C04A3501-C96C-46D2-A098-FCF592626EA1}.Debug|Any CPU.ActiveCfg = Debug|Any CPU
		{C04A3501-C96C-46D2-A098-FCF592626EA1}.Debug|Any CPU.Build.0 = Debug|Any CPU
		{C04A3501-C96C-46D2-A098-FCF592626EA1}.Release|Any CPU.ActiveCfg = Release|Any CPU
		{C04A3501-C96C-46D2-A098-FCF592626EA1}.Release|Any CPU.Build.0 = Release|Any CPU
	EndGlobalSection
	GlobalSection(SolutionProperties) = preSolution
		HideSolutionNode = FALSE
	EndGlobalSection
	GlobalSection(ExtensibilityGlobals) = postSolution
		SolutionGuid = {5A82174E-4F7A-4221-9257-98FB83098912}
	EndGlobalSection
EndGlobal
